
Microsoft Visual Studio Solution File, Format Version 12.00
# Visual Studio Version 17
VisualStudioVersion = 17.2.32602.215
MinimumVisualStudioVersion = 10.0.40219.1
Project("{FAE04EC0-301F-11D3-BF4B-00C04F79EFBC}") = "first-asp", "first-asp\first-asp.csproj", "{14909FB2-8F98-4117-8807-9CA5F5F09EDA}"
EndProject
Global
	GlobalSection(SolutionConfigurationPlatforms) = preSolution
		Debug|Any CPU = Debug|Any CPU
		Release|Any CPU = Release|Any CPU
	EndGlobalSection
	GlobalSection(ProjectConfigurationPlatforms) = postSolution
		{14909FB2-8F98-4117-8807-9CA5F5F09EDA}.Debug|Any CPU.ActiveCfg = Debug|Any CPU
		{14909FB2-8F98-4117-8807-9CA5F5F09EDA}.Debug|Any CPU.Build.0 = Debug|Any CPU
		{14909FB2-8F98-4117-8807-9CA5F5F09EDA}.Release|Any CPU.ActiveCfg = Release|Any CPU
		{14909FB2-8F98-4117-8807-9CA5F5F09EDA}.Release|Any CPU.Build.0 = Release|Any CPU
	EndGlobalSection
	GlobalSection(SolutionProperties) = preSolution
		HideSolutionNode = FALSE
	EndGlobalSection
	GlobalSection(ExtensibilityGlobals) = postSolution
		SolutionGuid = {CBBBC61C-BE78-4C75-9750-DE63FDF285F4}
	EndGlobalSection
EndGlobal
